<?xml version="1.0" encoding="utf-8"?>
<Project ToolsVersion="4.0" xmlns="http://schemas.microsoft.com/developer/msbuild/2003">
  <ItemGroup>
    <Filter Include="Source Files">
      <UniqueIdentifier>{4FC737F1-C7A5-4376-A066-2A32D752A2FF}</UniqueIdentifier>
      <Extensions>cpp;c;cc;cxx;def;odl;idl;hpj;bat;asm;asmx</Extensions>
    </Filter>
    <Filter Include="Header Files">
      <UniqueIdentifier>{93995380-89BD-4b04-88EB-625FBE52EBFB}</UniqueIdentifier>
      <Extensions>h;hh;hpp;hxx;hm;inl;inc;xsd</Extensions>
    </Filter>
    <Filter Include="Resource Files">
      <UniqueIdentifier>{67DA6AB6-F800-4c08-8B7A-83BB121AAD01}</UniqueIdentifier>
      <Extensions>rc;ico;cur;bmp;dlg;rc2;rct;bin;rgs;gif;jpg;jpeg;jpe;resx;tiff;tif;png;wav;mfcribbon-ms</Extensions>
    </Filter>
  </ItemGroup>
  <ItemGroup>
    <Text Include="ReadMe.txt" />
  </ItemGroup>
  <ItemGroup>
    <ClInclude Include="PersonDetectionDlg.h">
      <Filter>Header Files</Filter>
    </ClInclude>
    <ClInclude Include="stdafx.h">
      <Filter>Header Files</Filter>
    </ClInclude>
    <ClInclude Include="targetver.h">
      <Filter>Header Files</Filter>
    </ClInclude>
    <ClInclude Include="Resource.h">
      <Filter>Header Files</Filter>
    </ClInclude>
    <ClInclude Include="PersonDetectionApp.h">
      <Filter>Header Files</Filter>
    </ClInclude>
    <ClInclude Include="HOGClassifier.h">
      <Filter>Header Files</Filter>
    </ClInclude>
    <ClInclude Include="HOGProcessor.h">
      <Filter>Header Files</Filter>
    </ClInclude>
    <ClInclude Include="IntegralScale.h">
      <Filter>Header Files</Filter>
    </ClInclude>
    <ClInclude Include="LineSegment.h">
      <Filter>Header Files</Filter>
    </ClInclude>
    <ClInclude Include="Localisation.h">
      <Filter>Header Files</Filter>
    </ClInclude>
    <ClInclude Include="OverlappingDetection.h">
      <Filter>Header Files</Filter>
    </ClInclude>
    <ClInclude Include="PersonDetector.h">
      <Filter>Header Files</Filter>
    </ClInclude>
    <ClInclude Include="ScanWindow.h">
      <Filter>Header Files</Filter>
    </ClInclude>
    <ClInclude Include="window.h">
      <Filter>Header Files</Filter>
    </ClInclude>
    <ClInclude Include="CvMFCImage.h">
      <Filter>Header Files</Filter>
    </ClInclude>
  </ItemGroup>
  <ItemGroup>
    <ClCompile Include="PersonDetectionDlg.cpp">
      <Filter>Source Files</Filter>
    </ClCompile>
    <ClCompile Include="stdafx.cpp">
      <Filter>Source Files</Filter>
    </ClCompile>
    <ClCompile Include="PersonDetectionApp.cpp">
      <Filter>Source Files</Filter>
    </ClCompile>
    <ClCompile Include="HOGClassifier.cpp">
      <Filter>Source Files</Filter>
    </ClCompile>
    <ClCompile Include="HOGProcessor.cpp">
      <Filter>Source Files</Filter>
    </ClCompile>
    <ClCompile Include="IntegralScale.cpp">
      <Filter>Source Files</Filter>
    </ClCompile>
    <ClCompile Include="LineSegment.cpp">
      <Filter>Source Files</Filter>
    </ClCompile>
    <ClCompile Include="Localisation.cpp">
      <Filter>Source Files</Filter>
    </ClCompile>
    <ClCompile Include="OverlappingDetection.cpp">
      <Filter>Source Files</Filter>
    </ClCompile>
    <ClCompile Include="PersonDetector.cpp">
      <Filter>Source Files</Filter>
    </ClCompile>
    <ClCompile Include="ScanWindow.cpp">
      <Filter>Source Files</Filter>
    </ClCompile>
    <ClCompile Include="CvMFCImage.cpp">
      <Filter>Source Files</Filter>
    </ClCompile>
  </ItemGroup>
  <ItemGroup>
    <ResourceCompile Include="PersonDetection.rc">
      <Filter>Resource Files</Filter>
    </ResourceCompile>
  </ItemGroup>
  <ItemGroup>
    <None Include="res\PersonDetection.rc2">
      <Filter>Resource Files</Filter>
    </None>
  </ItemGroup>
  <ItemGroup>
    <Image Include="res\PersonDetection.ico">
      <Filter>Resource Files</Filter>
    </Image>
  </ItemGroup>
</Project>